
Microsoft Visual Studio Solution File, Format Version 12.00
# Visual Studio Version 16
VisualStudioVersion = 16.0.29306.81
MinimumVisualStudioVersion = 10.0.40219.1
Project("{9A19103F-16F7-4668-BE54-9A1E7A4F7556}") = "DisplayData", "DisplayData.csproj", "{4FA6010F-E615-495D-8122-8CF36B956230}"
EndProject
Project("{FAE04EC0-301F-11D3-BF4B-00C04F79EFBC}") = "tests-api", "..\tests-api\tests-api.csproj", "{187BD546-DD33-4BE3-96A7-F9C8EDE2978D}"
EndProject
Global
	GlobalSection(SolutionConfigurationPlatforms) = preSolution
		Debug|Any CPU = Debug|Any CPU
		Release|Any CPU = Release|Any CPU
	EndGlobalSection
	GlobalSection(ProjectConfigurationPlatforms) = postSolution
		{4FA6010F-E615-495D-8122-8CF36B956230}.Debug|Any CPU.ActiveCfg = Debug|Any CPU
		{4FA6010F-E615-495D-8122-8CF36B956230}.Debug|Any CPU.Build.0 = Debug|Any CPU
		{4FA6010F-E615-495D-8122-8CF36B956230}.Release|Any CPU.ActiveCfg = Release|Any CPU
		{4FA6010F-E615-495D-8122-8CF36B956230}.Release|Any CPU.Build.0 = Release|Any CPU
		{187BD546-DD33-4BE3-96A7-F9C8EDE2978D}.Debug|Any CPU.ActiveCfg = Debug|Any CPU
		{187BD546-DD33-4BE3-96A7-F9C8EDE2978D}.Debug|Any CPU.Build.0 = Debug|Any CPU
		{187BD546-DD33-4BE3-96A7-F9C8EDE2978D}.Release|Any CPU.ActiveCfg = Release|Any CPU
		{187BD546-DD33-4BE3-96A7-F9C8EDE2978D}.Release|Any CPU.Build.0 = Release|Any CPU
	EndGlobalSection
	GlobalSection(SolutionProperties) = preSolution
		HideSolutionNode = FALSE
	EndGlobalSection
	GlobalSection(ExtensibilityGlobals) = postSolution
		SolutionGuid = {B33C37F8-B3A9-49FB-8103-4C1D8E8F7C63}
	EndGlobalSection
EndGlobal
